%{
  "decimal": {:hex, :decimal, "2.0.0", "a78296e617b0f5dd4c6caf57c714431347912ffb1d0842e998e9792b5642d697", [:mix], [], "hexpm", "34666e9c55dea81013e77d9d87370fe6cb6291d1ef32f46a1600230b1d44f577"},
  "proximal": {:hex, :proximal, "0.2.0", "02bdbcc8393c5181a16facfd4d6bf0ed4a787c7823b888f97b3628b631abc994", [:mix], [{:saxy, "~> 1.4.0", [hex: :saxy, repo: "hexpm", optional: false]}], "hexpm", "adc1f112ff8750e0303ddf8f5b3e581029b0cce8debb39f16a9cc4ed318fe9d7"},
  "saxy": {:hex, :saxy, "1.4.0", "c7203ad20001f72eaaad07d08f82be063fa94a40924e6bb39d93d55f979abcba", [:mix], [], "hexpm", "3fe790354d3f2234ad0b5be2d99822a23fa2d4e8ccd6657c672901dac172e9a9"},
}
